
Microsoft Visual Studio Solution File, Format Version 12.00
# Visual Studio Version 17
VisualStudioVersion = 17.0.31903.59
MinimumVisualStudioVersion = 10.0.40219.1
Project("{FAE04EC0-301F-11D3-BF4B-00C04F79EFBC}") = "lemonade price", "lemonade price\lemonade price.csproj", "{66482BCC-BE4D-4945-970F-1D30EFD33714}"
EndProject
Global
	GlobalSection(SolutionConfigurationPlatforms) = preSolution
		Debug|Any CPU = Debug|Any CPU
		Release|Any CPU = Release|Any CPU
	EndGlobalSection
	GlobalSection(ProjectConfigurationPlatforms) = postSolution
		{66482BCC-BE4D-4945-970F-1D30EFD33714}.Debug|Any CPU.ActiveCfg = Debug|Any CPU
		{66482BCC-BE4D-4945-970F-1D30EFD33714}.Debug|Any CPU.Build.0 = Debug|Any CPU
		{66482BCC-BE4D-4945-970F-1D30EFD33714}.Release|Any CPU.ActiveCfg = Release|Any CPU
		{66482BCC-BE4D-4945-970F-1D30EFD33714}.Release|Any CPU.Build.0 = Release|Any CPU
	EndGlobalSection
	GlobalSection(SolutionProperties) = preSolution
		HideSolutionNode = FALSE
	EndGlobalSection
	GlobalSection(ExtensibilityGlobals) = postSolution
		SolutionGuid = {DEA12972-220D-465B-BF9E-810B6801D5A0}
	EndGlobalSection
EndGlobal
